
Microsoft Visual Studio Solution File, Format Version 12.00
# Visual Studio Version 17
VisualStudioVersion = 17.9.34622.214
MinimumVisualStudioVersion = 10.0.40219.1
Project("{FAE04EC0-301F-11D3-BF4B-00C04F79EFBC}") = "Order.API", "Order.API\Order.API.csproj", "{FF5343A7-6FBD-4F5C-A3E4-67CF2A6856B4}"
EndProject
Project("{FAE04EC0-301F-11D3-BF4B-00C04F79EFBC}") = "Stock.API", "Stock.API\Stock.API.csproj", "{CFA8C8E8-F129-4E57-A818-86DE8EE1839B}"
EndProject
Project("{FAE04EC0-301F-11D3-BF4B-00C04F79EFBC}") = "Payment.API", "Payment.API\Payment.API.csproj", "{1735A8D3-AE93-4272-A070-D655A34EC602}"
EndProject
Project("{FAE04EC0-301F-11D3-BF4B-00C04F79EFBC}") = "Shared", "Shared\Shared.csproj", "{F57E4B8B-1EF4-4628-8FC1-7F1428D6705A}"
EndProject
Project("{FAE04EC0-301F-11D3-BF4B-00C04F79EFBC}") = "SagaStateMachine.Service", "SagaStateMachine.Service\SagaStateMachine.Service.csproj", "{015AED8B-CAFA-4FED-89C1-355B26907E80}"
EndProject
Global
	GlobalSection(SolutionConfigurationPlatforms) = preSolution
		Debug|Any CPU = Debug|Any CPU
		Release|Any CPU = Release|Any CPU
	EndGlobalSection
	GlobalSection(ProjectConfigurationPlatforms) = postSolution
		{FF5343A7-6FBD-4F5C-A3E4-67CF2A6856B4}.Debug|Any CPU.ActiveCfg = Debug|Any CPU
		{FF5343A7-6FBD-4F5C-A3E4-67CF2A6856B4}.Debug|Any CPU.Build.0 = Debug|Any CPU
		{FF5343A7-6FBD-4F5C-A3E4-67CF2A6856B4}.Release|Any CPU.ActiveCfg = Release|Any CPU
		{FF5343A7-6FBD-4F5C-A3E4-67CF2A6856B4}.Release|Any CPU.Build.0 = Release|Any CPU
		{CFA8C8E8-F129-4E57-A818-86DE8EE1839B}.Debug|Any CPU.ActiveCfg = Debug|Any CPU
		{CFA8C8E8-F129-4E57-A818-86DE8EE1839B}.Debug|Any CPU.Build.0 = Debug|Any CPU
		{CFA8C8E8-F129-4E57-A818-86DE8EE1839B}.Release|Any CPU.ActiveCfg = Release|Any CPU
		{CFA8C8E8-F129-4E57-A818-86DE8EE1839B}.Release|Any CPU.Build.0 = Release|Any CPU
		{1735A8D3-AE93-4272-A070-D655A34EC602}.Debug|Any CPU.ActiveCfg = Debug|Any CPU
		{1735A8D3-AE93-4272-A070-D655A34EC602}.Debug|Any CPU.Build.0 = Debug|Any CPU
		{1735A8D3-AE93-4272-A070-D655A34EC602}.Release|Any CPU.ActiveCfg = Release|Any CPU
		{1735A8D3-AE93-4272-A070-D655A34EC602}.Release|Any CPU.Build.0 = Release|Any CPU
		{F57E4B8B-1EF4-4628-8FC1-7F1428D6705A}.Debug|Any CPU.ActiveCfg = Debug|Any CPU
		{F57E4B8B-1EF4-4628-8FC1-7F1428D6705A}.Debug|Any CPU.Build.0 = Debug|Any CPU
		{F57E4B8B-1EF4-4628-8FC1-7F1428D6705A}.Release|Any CPU.ActiveCfg = Release|Any CPU
		{F57E4B8B-1EF4-4628-8FC1-7F1428D6705A}.Release|Any CPU.Build.0 = Release|Any CPU
		{015AED8B-CAFA-4FED-89C1-355B26907E80}.Debug|Any CPU.ActiveCfg = Debug|Any CPU
		{015AED8B-CAFA-4FED-89C1-355B26907E80}.Debug|Any CPU.Build.0 = Debug|Any CPU
		{015AED8B-CAFA-4FED-89C1-355B26907E80}.Release|Any CPU.ActiveCfg = Release|Any CPU
		{015AED8B-CAFA-4FED-89C1-355B26907E80}.Release|Any CPU.Build.0 = Release|Any CPU
	EndGlobalSection
	GlobalSection(SolutionProperties) = preSolution
		HideSolutionNode = FALSE
	EndGlobalSection
	GlobalSection(ExtensibilityGlobals) = postSolution
		SolutionGuid = {5E8F9997-DE82-476A-947C-27C9415CF0A0}
	EndGlobalSection
EndGlobal
